
Microsoft Visual Studio Solution File, Format Version 12.00
# Visual Studio 14
VisualStudioVersion = 14.0.24720.0
MinimumVisualStudioVersion = 10.0.40219.1
Project("{FAE04EC0-301F-11D3-BF4B-00C04F79EFBC}") = "ODataTesting", "ODataTesting\ODataTesting.csproj", "{B8E94881-5C2C-40BB-B8FA-4F0E8C600ADC}"
EndProject
Global
	GlobalSection(SolutionConfigurationPlatforms) = preSolution
		Debug|Any CPU = Debug|Any CPU
		Release|Any CPU = Release|Any CPU
	EndGlobalSection
	GlobalSection(ProjectConfigurationPlatforms) = postSolution
		{B8E94881-5C2C-40BB-B8FA-4F0E8C600ADC}.Debug|Any CPU.ActiveCfg = Debug|Any CPU
		{B8E94881-5C2C-40BB-B8FA-4F0E8C600ADC}.Debug|Any CPU.Build.0 = Debug|Any CPU
		{B8E94881-5C2C-40BB-B8FA-4F0E8C600ADC}.Release|Any CPU.ActiveCfg = Release|Any CPU
		{B8E94881-5C2C-40BB-B8FA-4F0E8C600ADC}.Release|Any CPU.Build.0 = Release|Any CPU
	EndGlobalSection
	GlobalSection(SolutionProperties) = preSolution
		HideSolutionNode = FALSE
	EndGlobalSection
EndGlobal
